
Microsoft Visual Studio Solution File, Format Version 12.00
# Visual Studio 14
VisualStudioVersion = 14.0.23107.0
MinimumVisualStudioVersion = 10.0.40219.1
Project("{FAE04EC0-301F-11D3-BF4B-00C04F79EFBC}") = "ConsoleApp", "ConsoleApp\ConsoleApp.csproj", "{BAB0AC25-ED5E-4606-8553-A302E6B5C59A}"
EndProject
Project("{FAE04EC0-301F-11D3-BF4B-00C04F79EFBC}") = "ConsoleApp.Testes", "ConsoleApp.Testes\ConsoleApp.Testes.csproj", "{3829DBCF-0764-4F58-BC93-0CEFA1ABCB51}"
EndProject
Global
	GlobalSection(SolutionConfigurationPlatforms) = preSolution
		Debug|Any CPU = Debug|Any CPU
		Release|Any CPU = Release|Any CPU
	EndGlobalSection
	GlobalSection(ProjectConfigurationPlatforms) = postSolution
		{BAB0AC25-ED5E-4606-8553-A302E6B5C59A}.Debug|Any CPU.ActiveCfg = Debug|Any CPU
		{BAB0AC25-ED5E-4606-8553-A302E6B5C59A}.Debug|Any CPU.Build.0 = Debug|Any CPU
		{BAB0AC25-ED5E-4606-8553-A302E6B5C59A}.Release|Any CPU.ActiveCfg = Release|Any CPU
		{BAB0AC25-ED5E-4606-8553-A302E6B5C59A}.Release|Any CPU.Build.0 = Release|Any CPU
		{3829DBCF-0764-4F58-BC93-0CEFA1ABCB51}.Debug|Any CPU.ActiveCfg = Debug|Any CPU
		{3829DBCF-0764-4F58-BC93-0CEFA1ABCB51}.Debug|Any CPU.Build.0 = Debug|Any CPU
		{3829DBCF-0764-4F58-BC93-0CEFA1ABCB51}.Release|Any CPU.ActiveCfg = Release|Any CPU
		{3829DBCF-0764-4F58-BC93-0CEFA1ABCB51}.Release|Any CPU.Build.0 = Release|Any CPU
	EndGlobalSection
	GlobalSection(SolutionProperties) = preSolution
		HideSolutionNode = FALSE
	EndGlobalSection
EndGlobal
